
Microsoft Visual Studio Solution File, Format Version 12.00
# Visual Studio Version 16
VisualStudioVersion = 16.0.31605.320
MinimumVisualStudioVersion = 10.0.40219.1
Project("{FAE04EC0-301F-11D3-BF4B-00C04F79EFBC}") = "rdq_finserv", "rdq_finserv\rdq_finserv.csproj", "{76FD71A5-3462-41F8-B55D-A9A8AA9F3B15}"
EndProject
Global
	GlobalSection(SolutionConfigurationPlatforms) = preSolution
		Debug|Any CPU = Debug|Any CPU
		Release|Any CPU = Release|Any CPU
	EndGlobalSection
	GlobalSection(ProjectConfigurationPlatforms) = postSolution
		{76FD71A5-3462-41F8-B55D-A9A8AA9F3B15}.Debug|Any CPU.ActiveCfg = Debug|Any CPU
		{76FD71A5-3462-41F8-B55D-A9A8AA9F3B15}.Debug|Any CPU.Build.0 = Debug|Any CPU
		{76FD71A5-3462-41F8-B55D-A9A8AA9F3B15}.Release|Any CPU.ActiveCfg = Release|Any CPU
		{76FD71A5-3462-41F8-B55D-A9A8AA9F3B15}.Release|Any CPU.Build.0 = Release|Any CPU
	EndGlobalSection
	GlobalSection(SolutionProperties) = preSolution
		HideSolutionNode = FALSE
	EndGlobalSection
	GlobalSection(ExtensibilityGlobals) = postSolution
		SolutionGuid = {F56D2173-FA1D-476B-9E5A-75274C5B8CBD}
	EndGlobalSection
EndGlobal
